
Microsoft Visual Studio Solution File, Format Version 12.00
# Visual Studio Version 16
VisualStudioVersion = 16.0.29806.167
MinimumVisualStudioVersion = 10.0.40219.1
Project("{9A19103F-16F7-4668-BE54-9A1E7A4F7556}") = "CritipediaApi", "CritipediaApi\CritipediaApi.csproj", "{70D5BDA1-575E-4606-A0C6-8C522D60979B}"
EndProject
Project("{9A19103F-16F7-4668-BE54-9A1E7A4F7556}") = "CritipediaDataAccess", "CritipediaDataAccess\CritipediaDataAccess.csproj", "{5B9DF2CB-7691-4FED-90CB-2EAD0AF3C42C}"
EndProject
Project("{9A19103F-16F7-4668-BE54-9A1E7A4F7556}") = "CritipediaModels", "CritipediaModels\CritipediaModels.csproj", "{3E69F751-9A6A-42AC-8950-84EB755FFA0F}"
EndProject
Project("{9A19103F-16F7-4668-BE54-9A1E7A4F7556}") = "Test", "Test\Test.csproj", "{6B2ACDEE-697B-4806-BFF0-8D053B521BA0}"
EndProject
Global
	GlobalSection(SolutionConfigurationPlatforms) = preSolution
		Debug|Any CPU = Debug|Any CPU
		Release|Any CPU = Release|Any CPU
	EndGlobalSection
	GlobalSection(ProjectConfigurationPlatforms) = postSolution
		{70D5BDA1-575E-4606-A0C6-8C522D60979B}.Debug|Any CPU.ActiveCfg = Debug|Any CPU
		{70D5BDA1-575E-4606-A0C6-8C522D60979B}.Debug|Any CPU.Build.0 = Debug|Any CPU
		{70D5BDA1-575E-4606-A0C6-8C522D60979B}.Release|Any CPU.ActiveCfg = Release|Any CPU
		{70D5BDA1-575E-4606-A0C6-8C522D60979B}.Release|Any CPU.Build.0 = Release|Any CPU
		{5B9DF2CB-7691-4FED-90CB-2EAD0AF3C42C}.Debug|Any CPU.ActiveCfg = Debug|Any CPU
		{5B9DF2CB-7691-4FED-90CB-2EAD0AF3C42C}.Debug|Any CPU.Build.0 = Debug|Any CPU
		{5B9DF2CB-7691-4FED-90CB-2EAD0AF3C42C}.Release|Any CPU.ActiveCfg = Release|Any CPU
		{5B9DF2CB-7691-4FED-90CB-2EAD0AF3C42C}.Release|Any CPU.Build.0 = Release|Any CPU
		{3E69F751-9A6A-42AC-8950-84EB755FFA0F}.Debug|Any CPU.ActiveCfg = Debug|Any CPU
		{3E69F751-9A6A-42AC-8950-84EB755FFA0F}.Debug|Any CPU.Build.0 = Debug|Any CPU
		{3E69F751-9A6A-42AC-8950-84EB755FFA0F}.Release|Any CPU.ActiveCfg = Release|Any CPU
		{3E69F751-9A6A-42AC-8950-84EB755FFA0F}.Release|Any CPU.Build.0 = Release|Any CPU
		{6B2ACDEE-697B-4806-BFF0-8D053B521BA0}.Debug|Any CPU.ActiveCfg = Debug|Any CPU
		{6B2ACDEE-697B-4806-BFF0-8D053B521BA0}.Debug|Any CPU.Build.0 = Debug|Any CPU
		{6B2ACDEE-697B-4806-BFF0-8D053B521BA0}.Release|Any CPU.ActiveCfg = Release|Any CPU
		{6B2ACDEE-697B-4806-BFF0-8D053B521BA0}.Release|Any CPU.Build.0 = Release|Any CPU
	EndGlobalSection
	GlobalSection(SolutionProperties) = preSolution
		HideSolutionNode = FALSE
	EndGlobalSection
	GlobalSection(ExtensibilityGlobals) = postSolution
		SolutionGuid = {BFD24136-35AA-4960-AF15-2AB2A7AB33E1}
	EndGlobalSection
EndGlobal
